// !$*UTF8*$!
{
	archiveVersion = 1;
	classes = {
	};
	objectVersion = 46;
	objects = {

/* Begin PBXBuildFile section */
		061E9EC2164284CE00D10456 /* ThoMoNetworkStub.m in Sources */ = {isa = PBXBuildFile; fileRef = 06D8CE03163E7D380035D5A6 /* ThoMoNetworkStub.m */; };
		061E9EC3164284D400D10456 /* ThoMoTCPConnection.m in Sources */ = {isa = PBXBuildFile; fileRef = 06D8CE0A163E7D380035D5A6 /* ThoMoTCPConnection.m */; };
		061E9EC4164284DB00D10456 /* ThoMoServerStub.m in Sources */ = {isa = PBXBuildFile; fileRef = 06D8CE06163E7D380035D5A6 /* ThoMoServerStub.m */; };
		061E9EC5164284E000D10456 /* ThoMoClientStub.m in Sources */ = {isa = PBXBuildFile; fileRef = 06D8CDFE163E7D380035D5A6 /* ThoMoClientStub.m */; };
		06498F1716356B28003F0C16 /* UIKit.framework in Frameworks */ = {isa = PBXBuildFile; fileRef = 06D7FC8A163506D7000E6576 /* UIKit.framework */; };
		06498F1816356B2D003F0C16 /* CoreGraphics.framework in Frameworks */ = {isa = PBXBuildFile; fileRef = 06D7FC8E163506D7000E6576 /* CoreGraphics.framework */; };
		06498F1A16356B38003F0C16 /* CoreText.framework in Frameworks */ = {isa = PBXBuildFile; fileRef = 06498F1916356B38003F0C16 /* CoreText.framework */; };
		06498F1B16356B3F003F0C16 /* CoreText.framework in Frameworks */ = {isa = PBXBuildFile; fileRef = 06498F1916356B38003F0C16 /* CoreText.framework */; };
		06498F2216364C43003F0C16 /* js_objc_binding.mm in Sources */ = {isa = PBXBuildFile; fileRef = 06498F2016364C43003F0C16 /* js_objc_binding.mm */; };
		06499055163BD534003F0C16 /* scripts in Resources */ = {isa = PBXBuildFile; fileRef = 06499054163BD34F003F0C16 /* scripts */; };
		06D7FC8B163506D7000E6576 /* UIKit.framework in Frameworks */ = {isa = PBXBuildFile; fileRef = 06D7FC8A163506D7000E6576 /* UIKit.framework */; };
		06D7FC8D163506D7000E6576 /* Foundation.framework in Frameworks */ = {isa = PBXBuildFile; fileRef = 06D7FC8C163506D7000E6576 /* Foundation.framework */; };
		06D7FC8F163506D7000E6576 /* CoreGraphics.framework in Frameworks */ = {isa = PBXBuildFile; fileRef = 06D7FC8E163506D7000E6576 /* CoreGraphics.framework */; };
		06D7FC95163506D8000E6576 /* InfoPlist.strings in Resources */ = {isa = PBXBuildFile; fileRef = 06D7FC93163506D8000E6576 /* InfoPlist.strings */; };
		06D7FC97163506D8000E6576 /* main.m in Sources */ = {isa = PBXBuildFile; fileRef = 06D7FC96163506D8000E6576 /* main.m */; };
		06D7FC9B163506D8000E6576 /* AppDelegate.m in Sources */ = {isa = PBXBuildFile; fileRef = 06D7FC9A163506D8000E6576 /* AppDelegate.m */; };
		06D7FC9D163506D8000E6576 /* Default.png in Resources */ = {isa = PBXBuildFile; fileRef = 06D7FC9C163506D8000E6576 /* Default.png */; };
		06D7FC9F163506D8000E6576 /* Default@2x.png in Resources */ = {isa = PBXBuildFile; fileRef = 06D7FC9E163506D8000E6576 /* Default@2x.png */; };
		06D7FCA1163506D8000E6576 /* Default-568h@2x.png in Resources */ = {isa = PBXBuildFile; fileRef = 06D7FCA0163506D8000E6576 /* Default-568h@2x.png */; };
		06D7FCA4163506D8000E6576 /* ViewController.mm in Sources */ = {isa = PBXBuildFile; fileRef = 06D7FCA3163506D8000E6576 /* ViewController.mm */; };
		06D7FCA7163506D8000E6576 /* ViewController.xib in Resources */ = {isa = PBXBuildFile; fileRef = 06D7FCA5163506D8000E6576 /* ViewController.xib */; };
		06D7FCB216350713000E6576 /* Foundation.framework in Frameworks */ = {isa = PBXBuildFile; fileRef = 06D7FC8C163506D7000E6576 /* Foundation.framework */; };
		06D7FCC416353714000E6576 /* libjs_static.a in Frameworks */ = {isa = PBXBuildFile; fileRef = 06D7FCC31635370C000E6576 /* libjs_static.a */; };
		06D7FCC91635375B000E6576 /* libjs_static.a in Frameworks */ = {isa = PBXBuildFile; fileRef = 06D7FCC31635370C000E6576 /* libjs_static.a */; };
		06D8CE17163E81C00035D5A6 /* Foundation.framework in Frameworks */ = {isa = PBXBuildFile; fileRef = 06D7FC8C163506D7000E6576 /* Foundation.framework */; };
		06D8CE1A163E81C00035D5A6 /* main.m in Sources */ = {isa = PBXBuildFile; fileRef = 06D8CE19163E81C00035D5A6 /* main.m */; };
		06D8CE22163E81E80035D5A6 /* ThoMoClientStub.m in Sources */ = {isa = PBXBuildFile; fileRef = 06D8CDFE163E7D380035D5A6 /* ThoMoClientStub.m */; };
		06D8CE23163E81EC0035D5A6 /* ThoMoServerStub.m in Sources */ = {isa = PBXBuildFile; fileRef = 06D8CE06163E7D380035D5A6 /* ThoMoServerStub.m */; };
		06D8CE24163E81ED0035D5A6 /* ThoMoNetworkStub.m in Sources */ = {isa = PBXBuildFile; fileRef = 06D8CE03163E7D380035D5A6 /* ThoMoNetworkStub.m */; };
		06D8CE25163E81EF0035D5A6 /* ThoMoTCPConnection.m in Sources */ = {isa = PBXBuildFile; fileRef = 06D8CE0A163E7D380035D5A6 /* ThoMoTCPConnection.m */; };
		06D8CE28163E82870035D5A6 /* CocoJSTerminal.m in Sources */ = {isa = PBXBuildFile; fileRef = 06D8CE27163E82870035D5A6 /* CocoJSTerminal.m */; };
		06D8CE2A163E893E0035D5A6 /* libreadline.dylib in Frameworks */ = {isa = PBXBuildFile; fileRef = 06D8CE29163E893E0035D5A6 /* libreadline.dylib */; };
		06DAE5EF163D10500009360D /* js_objc_struct.mm in Sources */ = {isa = PBXBuildFile; fileRef = 06DAE5ED163D10500009360D /* js_objc_struct.mm */; };
		06E2E06E1635426C006F2B9B /* JSCore.mm in Sources */ = {isa = PBXBuildFile; fileRef = 06E2E06D1635426C006F2B9B /* JSCore.mm */; };
		06E2E0711635427F006F2B9B /* libCocoJS.a in Frameworks */ = {isa = PBXBuildFile; fileRef = 06D7FCB116350713000E6576 /* libCocoJS.a */; };
		06E2E0EB16354685006F2B9B /* MLogger.c in Sources */ = {isa = PBXBuildFile; fileRef = 06E2E0E916354685006F2B9B /* MLogger.c */; };
		06E2E0F4163552FE006F2B9B /* HighlightingTextView.m in Sources */ = {isa = PBXBuildFile; fileRef = 06E2E0EC163552FE006F2B9B /* HighlightingTextView.m */; };
		06E2E0F5163552FE006F2B9B /* AttributedTextView.m in Sources */ = {isa = PBXBuildFile; fileRef = 06E2E0EE163552FE006F2B9B /* AttributedTextView.m */; };
		06E2E0F6163552FE006F2B9B /* JavascriptSyntaxHighlighter.m in Sources */ = {isa = PBXBuildFile; fileRef = 06E2E0F1163552FE006F2B9B /* JavascriptSyntaxHighlighter.m */; };
		06E2E0F7163552FE006F2B9B /* JSConsole.mm in Sources */ = {isa = PBXBuildFile; fileRef = 06E2E0F3163552FE006F2B9B /* JSConsole.mm */; };
		06E2E0FF16355725006F2B9B /* js_objc_helper.mm in Sources */ = {isa = PBXBuildFile; fileRef = 06E2E0FD16355725006F2B9B /* js_objc_helper.mm */; };
/* End PBXBuildFile section */

/* Begin PBXContainerItemProxy section */
		06E2E06F16354278006F2B9B /* PBXContainerItemProxy */ = {
			isa = PBXContainerItemProxy;
			containerPortal = 06D7FC7D163506D7000E6576 /* Project object */;
			proxyType = 1;
			remoteGlobalIDString = 06D7FCB016350713000E6576;
			remoteInfo = CocoJS;
		};
/* End PBXContainerItemProxy section */

/* Begin PBXCopyFilesBuildPhase section */
		06D7FCAF16350713000E6576 /* CopyFiles */ = {
			isa = PBXCopyFilesBuildPhase;
			buildActionMask = 2147483647;
			dstPath = "include/${PRODUCT_NAME}";
			dstSubfolderSpec = 16;
			files = (
			);
			runOnlyForDeploymentPostprocessing = 0;
		};
		06D8CE13163E81BF0035D5A6 /* CopyFiles */ = {
			isa = PBXCopyFilesBuildPhase;
			buildActionMask = 2147483647;
			dstPath = /usr/share/man/man1/;
			dstSubfolderSpec = 0;
			files = (
			);
			runOnlyForDeploymentPostprocessing = 1;
		};
/* End PBXCopyFilesBuildPhase section */

/* Begin PBXFileReference section */
		06498F1916356B38003F0C16 /* CoreText.framework */ = {isa = PBXFileReference; lastKnownFileType = wrapper.framework; name = CoreText.framework; path = System/Library/Frameworks/CoreText.framework; sourceTree = SDKROOT; };
		06498F2016364C43003F0C16 /* js_objc_binding.mm */ = {isa = PBXFileReference; fileEncoding = 4; lastKnownFileType = sourcecode.cpp.objcpp; path = js_objc_binding.mm; sourceTree = "<group>"; };
		06498F2116364C43003F0C16 /* js_objc_binding.h */ = {isa = PBXFileReference; fileEncoding = 4; lastKnownFileType = sourcecode.c.h; path = js_objc_binding.h; sourceTree = "<group>"; };
		06498F2B16366218003F0C16 /* BitArray.h */ = {isa = PBXFileReference; lastKnownFileType = sourcecode.c.h; path = BitArray.h; sourceTree = "<group>"; };
		06498F2D16366218003F0C16 /* Barrier.h */ = {isa = PBXFileReference; lastKnownFileType = sourcecode.c.h; path = Barrier.h; sourceTree = "<group>"; };
		06498F2E16366218003F0C16 /* Heap.h */ = {isa = PBXFileReference; lastKnownFileType = sourcecode.c.h; path = Heap.h; sourceTree = "<group>"; };
		06498F2F16366218003F0C16 /* Root.h */ = {isa = PBXFileReference; lastKnownFileType = sourcecode.c.h; path = Root.h; sourceTree = "<group>"; };
		06498F3016366218003F0C16 /* Statistics.h */ = {isa = PBXFileReference; lastKnownFileType = sourcecode.c.h; path = Statistics.h; sourceTree = "<group>"; };
		06498F3116366218003F0C16 /* StoreBuffer.h */ = {isa = PBXFileReference; lastKnownFileType = sourcecode.c.h; path = StoreBuffer.h; sourceTree = "<group>"; };
		06498F3316366218003F0C16 /* HashTable.h */ = {isa = PBXFileReference; lastKnownFileType = sourcecode.c.h; path = HashTable.h; sourceTree = "<group>"; };
		06498F3416366218003F0C16 /* LegacyIntTypes.h */ = {isa = PBXFileReference; lastKnownFileType = sourcecode.c.h; path = LegacyIntTypes.h; sourceTree = "<group>"; };
		06498F3516366218003F0C16 /* MemoryMetrics.h */ = {isa = PBXFileReference; lastKnownFileType = sourcecode.c.h; path = MemoryMetrics.h; sourceTree = "<group>"; };
		06498F3616366218003F0C16 /* TemplateLib.h */ = {isa = PBXFileReference; lastKnownFileType = sourcecode.c.h; path = TemplateLib.h; sourceTree = "<group>"; };
		06498F3716366218003F0C16 /* Utility.h */ = {isa = PBXFileReference; lastKnownFileType = sourcecode.c.h; path = Utility.h; sourceTree = "<group>"; };
		06498F3816366218003F0C16 /* Vector.h */ = {isa = PBXFileReference; lastKnownFileType = sourcecode.c.h; path = Vector.h; sourceTree = "<group>"; };
		06498F3916366218003F0C16 /* js-config.h */ = {isa = PBXFileReference; lastKnownFileType = sourcecode.c.h; path = "js-config.h"; sourceTree = "<group>"; };
		06498F3A16366218003F0C16 /* js.msg */ = {isa = PBXFileReference; lastKnownFileType = text; path = js.msg; sourceTree = "<group>"; };
		06498F3B16366218003F0C16 /* jsalloc.h */ = {isa = PBXFileReference; lastKnownFileType = sourcecode.c.h; path = jsalloc.h; sourceTree = "<group>"; };
		06498F3C16366218003F0C16 /* jsapi.h */ = {isa = PBXFileReference; lastKnownFileType = sourcecode.c.h; path = jsapi.h; sourceTree = "<group>"; };
		06498F3D16366218003F0C16 /* jsatom.h */ = {isa = PBXFileReference; lastKnownFileType = sourcecode.c.h; path = jsatom.h; sourceTree = "<group>"; };
		06498F3E16366218003F0C16 /* jsatom.tbl */ = {isa = PBXFileReference; lastKnownFileType = text; path = jsatom.tbl; sourceTree = "<group>"; };
		06498F3F16366218003F0C16 /* jsclass.h */ = {isa = PBXFileReference; lastKnownFileType = sourcecode.c.h; path = jsclass.h; sourceTree = "<group>"; };
		06498F4016366218003F0C16 /* jsclist.h */ = {isa = PBXFileReference; lastKnownFileType = sourcecode.c.h; path = jsclist.h; sourceTree = "<group>"; };
		06498F4116366218003F0C16 /* jscpucfg.h */ = {isa = PBXFileReference; lastKnownFileType = sourcecode.c.h; path = jscpucfg.h; sourceTree = "<group>"; };
		06498F4216366218003F0C16 /* jsdbgapi.h */ = {isa = PBXFileReference; lastKnownFileType = sourcecode.c.h; path = jsdbgapi.h; sourceTree = "<group>"; };
		06498F4316366218003F0C16 /* jsdhash.h */ = {isa = PBXFileReference; lastKnownFileType = sourcecode.c.h; path = jsdhash.h; sourceTree = "<group>"; };
		06498F4416366218003F0C16 /* jsfriendapi.h */ = {isa = PBXFileReference; lastKnownFileType = sourcecode.c.h; path = jsfriendapi.h; sourceTree = "<group>"; };
		06498F4516366218003F0C16 /* jsgc.h */ = {isa = PBXFileReference; lastKnownFileType = sourcecode.c.h; path = jsgc.h; sourceTree = "<group>"; };
		06498F4616366218003F0C16 /* jshash.h */ = {isa = PBXFileReference; lastKnownFileType = sourcecode.c.h; path = jshash.h; sourceTree = "<group>"; };
		06498F4716366218003F0C16 /* jslock.h */ = {isa = PBXFileReference; lastKnownFileType = sourcecode.c.h; path = jslock.h; sourceTree = "<group>"; };
		06498F4816366218003F0C16 /* json.h */ = {isa = PBXFileReference; lastKnownFileType = sourcecode.c.h; path = json.h; sourceTree = "<group>"; };
		06498F4916366218003F0C16 /* jsperf.h */ = {isa = PBXFileReference; lastKnownFileType = sourcecode.c.h; path = jsperf.h; sourceTree = "<group>"; };
		06498F4A16366218003F0C16 /* jsprf.h */ = {isa = PBXFileReference; lastKnownFileType = sourcecode.c.h; path = jsprf.h; sourceTree = "<group>"; };
		06498F4B16366218003F0C16 /* jsproto.tbl */ = {isa = PBXFileReference; lastKnownFileType = text; path = jsproto.tbl; sourceTree = "<group>"; };
		06498F4C16366218003F0C16 /* jsproxy.h */ = {isa = PBXFileReference; lastKnownFileType = sourcecode.c.h; path = jsproxy.h; sourceTree = "<group>"; };
		06498F4D16366218003F0C16 /* jsprvtd.h */ = {isa = PBXFileReference; lastKnownFileType = sourcecode.c.h; path = jsprvtd.h; sourceTree = "<group>"; };
		06498F4E16366218003F0C16 /* jspubtd.h */ = {isa = PBXFileReference; lastKnownFileType = sourcecode.c.h; path = jspubtd.h; sourceTree = "<group>"; };
		06498F4F16366218003F0C16 /* jstypes.h */ = {isa = PBXFileReference; lastKnownFileType = sourcecode.c.h; path = jstypes.h; sourceTree = "<group>"; };
		06498F5016366218003F0C16 /* jsutil.h */ = {isa = PBXFileReference; lastKnownFileType = sourcecode.c.h; path = jsutil.h; sourceTree = "<group>"; };
		06498F5116366218003F0C16 /* jsval.h */ = {isa = PBXFileReference; lastKnownFileType = sourcecode.c.h; path = jsval.h; sourceTree = "<group>"; };
		06498F5216366218003F0C16 /* jsversion.h */ = {isa = PBXFileReference; lastKnownFileType = sourcecode.c.h; path = jsversion.h; sourceTree = "<group>"; };
		06498F5316366218003F0C16 /* jswrapper.h */ = {isa = PBXFileReference; lastKnownFileType = sourcecode.c.h; path = jswrapper.h; sourceTree = "<group>"; };
		06498F5516366218003F0C16 /* Assertions.h */ = {isa = PBXFileReference; lastKnownFileType = sourcecode.c.h; path = Assertions.h; sourceTree = "<group>"; };
		06498F5616366218003F0C16 /* Attributes.h */ = {isa = PBXFileReference; lastKnownFileType = sourcecode.c.h; path = Attributes.h; sourceTree = "<group>"; };
		06498F5716366218003F0C16 /* BloomFilter.h */ = {isa = PBXFileReference; lastKnownFileType = sourcecode.c.h; path = BloomFilter.h; sourceTree = "<group>"; };
		06498F5816366218003F0C16 /* CheckedInt.h */ = {isa = PBXFileReference; lastKnownFileType = sourcecode.c.h; path = CheckedInt.h; sourceTree = "<group>"; };
		06498F5916366218003F0C16 /* FloatingPoint.h */ = {isa = PBXFileReference; lastKnownFileType = sourcecode.c.h; path = FloatingPoint.h; sourceTree = "<group>"; };
		06498F5A16366218003F0C16 /* GuardObjects.h */ = {isa = PBXFileReference; lastKnownFileType = sourcecode.c.h; path = GuardObjects.h; sourceTree = "<group>"; };
		06498F5B16366218003F0C16 /* HashFunctions.h */ = {isa = PBXFileReference; lastKnownFileType = sourcecode.c.h; path = HashFunctions.h; sourceTree = "<group>"; };
		06498F5C16366218003F0C16 /* Likely.h */ = {isa = PBXFileReference; lastKnownFileType = sourcecode.c.h; path = Likely.h; sourceTree = "<group>"; };
		06498F5D16366218003F0C16 /* LinkedList.h */ = {isa = PBXFileReference; lastKnownFileType = sourcecode.c.h; path = LinkedList.h; sourceTree = "<group>"; };
		06498F5E16366218003F0C16 /* MSStdInt.h */ = {isa = PBXFileReference; lastKnownFileType = sourcecode.c.h; path = MSStdInt.h; sourceTree = "<group>"; };
		06498F5F16366218003F0C16 /* RangedPtr.h */ = {isa = PBXFileReference; lastKnownFileType = sourcecode.c.h; path = RangedPtr.h; sourceTree = "<group>"; };
		06498F6016366218003F0C16 /* RefPtr.h */ = {isa = PBXFileReference; lastKnownFileType = sourcecode.c.h; path = RefPtr.h; sourceTree = "<group>"; };
		06498F6116366218003F0C16 /* Scoped.h */ = {isa = PBXFileReference; lastKnownFileType = sourcecode.c.h; path = Scoped.h; sourceTree = "<group>"; };
		06498F6216366218003F0C16 /* StandardInteger.h */ = {isa = PBXFileReference; lastKnownFileType = sourcecode.c.h; path = StandardInteger.h; sourceTree = "<group>"; };
		06498F6316366218003F0C16 /* ThreadLocal.h */ = {isa = PBXFileReference; lastKnownFileType = sourcecode.c.h; path = ThreadLocal.h; sourceTree = "<group>"; };
		06498F6416366218003F0C16 /* Types.h */ = {isa = PBXFileReference; lastKnownFileType = sourcecode.c.h; path = Types.h; sourceTree = "<group>"; };
		06498F6516366218003F0C16 /* TypeTraits.h */ = {isa = PBXFileReference; lastKnownFileType = sourcecode.c.h; path = TypeTraits.h; sourceTree = "<group>"; };
		06498F6616366218003F0C16 /* Util.h */ = {isa = PBXFileReference; lastKnownFileType = sourcecode.c.h; path = Util.h; sourceTree = "<group>"; };
		06499054163BD34F003F0C16 /* scripts */ = {isa = PBXFileReference; lastKnownFileType = folder; path = scripts; sourceTree = "<group>"; };
		06D7FC86163506D7000E6576 /* app.app */ = {isa = PBXFileReference; explicitFileType = wrapper.application; includeInIndex = 0; path = app.app; sourceTree = BUILT_PRODUCTS_DIR; };
		06D7FC8A163506D7000E6576 /* UIKit.framework */ = {isa = PBXFileReference; lastKnownFileType = wrapper.framework; name = UIKit.framework; path = System/Library/Frameworks/UIKit.framework; sourceTree = SDKROOT; };
		06D7FC8C163506D7000E6576 /* Foundation.framework */ = {isa = PBXFileReference; lastKnownFileType = wrapper.framework; name = Foundation.framework; path = System/Library/Frameworks/Foundation.framework; sourceTree = SDKROOT; };
		06D7FC8E163506D7000E6576 /* CoreGraphics.framework */ = {isa = PBXFileReference; lastKnownFileType = wrapper.framework; name = CoreGraphics.framework; path = System/Library/Frameworks/CoreGraphics.framework; sourceTree = SDKROOT; };
		06D7FC92163506D8000E6576 /* CocoJS-Info.plist */ = {isa = PBXFileReference; lastKnownFileType = text.plist.xml; path = "CocoJS-Info.plist"; sourceTree = "<group>"; };
		06D7FC94163506D8000E6576 /* en */ = {isa = PBXFileReference; lastKnownFileType = text.plist.strings; name = en; path = en.lproj/InfoPlist.strings; sourceTree = "<group>"; };
		06D7FC96163506D8000E6576 /* main.m */ = {isa = PBXFileReference; lastKnownFileType = sourcecode.c.objc; path = main.m; sourceTree = "<group>"; };
		06D7FC98163506D8000E6576 /* CocoJS-Prefix.pch */ = {isa = PBXFileReference; lastKnownFileType = sourcecode.c.h; path = "CocoJS-Prefix.pch"; sourceTree = "<group>"; };
		06D7FC99163506D8000E6576 /* AppDelegate.h */ = {isa = PBXFileReference; lastKnownFileType = sourcecode.c.h; path = AppDelegate.h; sourceTree = "<group>"; };
		06D7FC9A163506D8000E6576 /* AppDelegate.m */ = {isa = PBXFileReference; lastKnownFileType = sourcecode.c.objc; path = AppDelegate.m; sourceTree = "<group>"; };
		06D7FC9C163506D8000E6576 /* Default.png */ = {isa = PBXFileReference; lastKnownFileType = image.png; path = Default.png; sourceTree = "<group>"; };
		06D7FC9E163506D8000E6576 /* Default@2x.png */ = {isa = PBXFileReference; lastKnownFileType = image.png; path = "Default@2x.png"; sourceTree = "<group>"; };
		06D7FCA0163506D8000E6576 /* Default-568h@2x.png */ = {isa = PBXFileReference; lastKnownFileType = image.png; path = "Default-568h@2x.png"; sourceTree = "<group>"; };
		06D7FCA2163506D8000E6576 /* ViewController.h */ = {isa = PBXFileReference; lastKnownFileType = sourcecode.c.h; path = ViewController.h; sourceTree = "<group>"; };
		06D7FCA3163506D8000E6576 /* ViewController.mm */ = {isa = PBXFileReference; lastKnownFileType = sourcecode.cpp.objcpp; path = ViewController.mm; sourceTree = "<group>"; };
		06D7FCA6163506D8000E6576 /* en */ = {isa = PBXFileReference; lastKnownFileType = file.xib; name = en; path = en.lproj/ViewController.xib; sourceTree = "<group>"; };
		06D7FCB116350713000E6576 /* libCocoJS.a */ = {isa = PBXFileReference; explicitFileType = archive.ar; includeInIndex = 0; path = libCocoJS.a; sourceTree = BUILT_PRODUCTS_DIR; };
		06D7FCC31635370C000E6576 /* libjs_static.a */ = {isa = PBXFileReference; lastKnownFileType = archive.ar; name = libjs_static.a; path = CocoJS/libs/libjs_static.a; sourceTree = "<group>"; };
		06D8CDFD163E7D380035D5A6 /* ThoMoClientDelegateProtocol.h */ = {isa = PBXFileReference; fileEncoding = 4; lastKnownFileType = sourcecode.c.h; path = ThoMoClientDelegateProtocol.h; sourceTree = "<group>"; };
		06D8CDFE163E7D380035D5A6 /* ThoMoClientStub.m */ = {isa = PBXFileReference; fileEncoding = 4; lastKnownFileType = sourcecode.c.objc; path = ThoMoClientStub.m; sourceTree = "<group>"; };
		06D8CDFF163E7D380035D5A6 /* ThoMoClientStub_private.h */ = {isa = PBXFileReference; fileEncoding = 4; lastKnownFileType = sourcecode.c.h; path = ThoMoClientStub_private.h; sourceTree = "<group>"; };
		06D8CE00163E7D380035D5A6 /* ThoMoClientStub.h */ = {isa = PBXFileReference; fileEncoding = 4; lastKnownFileType = sourcecode.c.h; path = ThoMoClientStub.h; sourceTree = "<group>"; };
		06D8CE01163E7D380035D5A6 /* ThoMoNetworking.h */ = {isa = PBXFileReference; fileEncoding = 4; lastKnownFileType = sourcecode.c.h; path = ThoMoNetworking.h; sourceTree = "<group>"; };
		06D8CE02163E7D380035D5A6 /* ThoMoNetworkStub.h */ = {isa = PBXFileReference; fileEncoding = 4; lastKnownFileType = sourcecode.c.h; path = ThoMoNetworkStub.h; sourceTree = "<group>"; };
		06D8CE03163E7D380035D5A6 /* ThoMoNetworkStub.m */ = {isa = PBXFileReference; fileEncoding = 4; lastKnownFileType = sourcecode.c.objc; path = ThoMoNetworkStub.m; sourceTree = "<group>"; };
		06D8CE05163E7D380035D5A6 /* ThoMoServerDelegateProtocol.h */ = {isa = PBXFileReference; fileEncoding = 4; lastKnownFileType = sourcecode.c.h; path = ThoMoServerDelegateProtocol.h; sourceTree = "<group>"; };
		06D8CE06163E7D380035D5A6 /* ThoMoServerStub.m */ = {isa = PBXFileReference; fileEncoding = 4; lastKnownFileType = sourcecode.c.objc; path = ThoMoServerStub.m; sourceTree = "<group>"; };
		06D8CE07163E7D380035D5A6 /* ThoMoServerStub_private.h */ = {isa = PBXFileReference; fileEncoding = 4; lastKnownFileType = sourcecode.c.h; path = ThoMoServerStub_private.h; sourceTree = "<group>"; };
		06D8CE08163E7D380035D5A6 /* ThoMoServerStub.h */ = {isa = PBXFileReference; fileEncoding = 4; lastKnownFileType = sourcecode.c.h; path = ThoMoServerStub.h; sourceTree = "<group>"; };
		06D8CE09163E7D380035D5A6 /* ThoMoTCPConnection.h */ = {isa = PBXFileReference; fileEncoding = 4; lastKnownFileType = sourcecode.c.h; path = ThoMoTCPConnection.h; sourceTree = "<group>"; };
		06D8CE0A163E7D380035D5A6 /* ThoMoTCPConnection.m */ = {isa = PBXFileReference; fileEncoding = 4; lastKnownFileType = sourcecode.c.objc; path = ThoMoTCPConnection.m; sourceTree = "<group>"; };
		06D8CE0B163E7D380035D5A6 /* ThoMoTCPConnectionDelegateProtocol.h */ = {isa = PBXFileReference; fileEncoding = 4; lastKnownFileType = sourcecode.c.h; path = ThoMoTCPConnectionDelegateProtocol.h; sourceTree = "<group>"; };
		06D8CE15163E81C00035D5A6 /* CocoJSTerminal */ = {isa = PBXFileReference; explicitFileType = "compiled.mach-o.executable"; includeInIndex = 0; path = CocoJSTerminal; sourceTree = BUILT_PRODUCTS_DIR; };
		06D8CE19163E81C00035D5A6 /* main.m */ = {isa = PBXFileReference; lastKnownFileType = sourcecode.c.objc; path = main.m; sourceTree = "<group>"; };
		06D8CE1C163E81C00035D5A6 /* CocoJSTerminal-Prefix.pch */ = {isa = PBXFileReference; lastKnownFileType = sourcecode.c.h; path = "CocoJSTerminal-Prefix.pch"; sourceTree = "<group>"; };
		06D8CE26163E82870035D5A6 /* CocoJSTerminal.h */ = {isa = PBXFileReference; fileEncoding = 4; lastKnownFileType = sourcecode.c.h; path = CocoJSTerminal.h; sourceTree = "<group>"; };
		06D8CE27163E82870035D5A6 /* CocoJSTerminal.m */ = {isa = PBXFileReference; fileEncoding = 4; lastKnownFileType = sourcecode.c.objc; path = CocoJSTerminal.m; sourceTree = "<group>"; };
		06D8CE29163E893E0035D5A6 /* libreadline.dylib */ = {isa = PBXFileReference; lastKnownFileType = "compiled.mach-o.dylib"; name = libreadline.dylib; path = Platforms/MacOSX.platform/Developer/SDKs/MacOSX10.8.sdk/usr/lib/libreadline.dylib; sourceTree = DEVELOPER_DIR; };
		06DAE5ED163D10500009360D /* js_objc_struct.mm */ = {isa = PBXFileReference; fileEncoding = 4; lastKnownFileType = sourcecode.cpp.objcpp; path = js_objc_struct.mm; sourceTree = "<group>"; };
		06DAE5EE163D10500009360D /* js_objc_struct.h */ = {isa = PBXFileReference; fileEncoding = 4; lastKnownFileType = sourcecode.c.h; path = js_objc_struct.h; sourceTree = "<group>"; };
		06E2E06C1635426C006F2B9B /* JSCore.h */ = {isa = PBXFileReference; fileEncoding = 4; lastKnownFileType = sourcecode.c.h; path = JSCore.h; sourceTree = "<group>"; };
		06E2E06D1635426C006F2B9B /* JSCore.mm */ = {isa = PBXFileReference; fileEncoding = 4; lastKnownFileType = sourcecode.cpp.objcpp; path = JSCore.mm; sourceTree = "<group>"; };
		06E2E0E916354685006F2B9B /* MLogger.c */ = {isa = PBXFileReference; fileEncoding = 4; lastKnownFileType = sourcecode.c.c; path = MLogger.c; sourceTree = "<group>"; };
		06E2E0EA16354685006F2B9B /* MLogger.h */ = {isa = PBXFileReference; fileEncoding = 4; lastKnownFileType = sourcecode.c.h; path = MLogger.h; sourceTree = "<group>"; };
		06E2E0EC163552FE006F2B9B /* HighlightingTextView.m */ = {isa = PBXFileReference; fileEncoding = 4; lastKnownFileType = sourcecode.c.objc; path = HighlightingTextView.m; sourceTree = "<group>"; };
		06E2E0ED163552FE006F2B9B /* AttributedTextView.h */ = {isa = PBXFileReference; fileEncoding = 4; lastKnownFileType = sourcecode.c.h; path = AttributedTextView.h; sourceTree = "<group>"; };
		06E2E0EE163552FE006F2B9B /* AttributedTextView.m */ = {isa = PBXFileReference; fileEncoding = 4; lastKnownFileType = sourcecode.c.objc; path = AttributedTextView.m; sourceTree = "<group>"; };
		06E2E0EF163552FE006F2B9B /* HighlightingTextView.h */ = {isa = PBXFileReference; fileEncoding = 4; lastKnownFileType = sourcecode.c.h; path = HighlightingTextView.h; sourceTree = "<group>"; };
		06E2E0F0163552FE006F2B9B /* JavascriptSyntaxHighlighter.h */ = {isa = PBXFileReference; fileEncoding = 4; lastKnownFileType = sourcecode.c.h; path = JavascriptSyntaxHighlighter.h; sourceTree = "<group>"; };
		06E2E0F1163552FE006F2B9B /* JavascriptSyntaxHighlighter.m */ = {isa = PBXFileReference; fileEncoding = 4; lastKnownFileType = sourcecode.c.objc; path = JavascriptSyntaxHighlighter.m; sourceTree = "<group>"; };
		06E2E0F2163552FE006F2B9B /* SyntaxHighlighter.h */ = {isa = PBXFileReference; fileEncoding = 4; lastKnownFileType = sourcecode.c.h; path = SyntaxHighlighter.h; sourceTree = "<group>"; };
		06E2E0F3163552FE006F2B9B /* JSConsole.mm */ = {isa = PBXFileReference; fileEncoding = 4; lastKnownFileType = sourcecode.cpp.objcpp; path = JSConsole.mm; sourceTree = "<group>"; };
		06E2E0F816355311006F2B9B /* JSConsole.h */ = {isa = PBXFileReference; lastKnownFileType = sourcecode.c.h; path = JSConsole.h; sourceTree = "<group>"; };
		06E2E0FD16355725006F2B9B /* js_objc_helper.mm */ = {isa = PBXFileReference; fileEncoding = 4; lastKnownFileType = sourcecode.cpp.objcpp; path = js_objc_helper.mm; sourceTree = "<group>"; };
		06E2E0FE16355725006F2B9B /* js_objc_helper.h */ = {isa = PBXFileReference; fileEncoding = 4; lastKnownFileType = sourcecode.c.h; path = js_objc_helper.h; sourceTree = "<group>"; };
/* End PBXFileReference section */

/* Begin PBXFrameworksBuildPhase section */
		06D7FC83163506D7000E6576 /* Frameworks */ = {
			isa = PBXFrameworksBuildPhase;
			buildActionMask = 2147483647;
			files = (
				06E2E0711635427F006F2B9B /* libCocoJS.a in Frameworks */,
				06498F1B16356B3F003F0C16 /* CoreText.framework in Frameworks */,
				06D7FCC91635375B000E6576 /* libjs_static.a in Frameworks */,
				06D7FC8B163506D7000E6576 /* UIKit.framework in Frameworks */,
				06D7FC8D163506D7000E6576 /* Foundation.framework in Frameworks */,
				06D7FC8F163506D7000E6576 /* CoreGraphics.framework in Frameworks */,
			);
			runOnlyForDeploymentPostprocessing = 0;
		};
		06D7FCAE16350713000E6576 /* Frameworks */ = {
			isa = PBXFrameworksBuildPhase;
			buildActionMask = 2147483647;
			files = (
				06D7FCB216350713000E6576 /* Foundation.framework in Frameworks */,
				06D7FCC416353714000E6576 /* libjs_static.a in Frameworks */,
				06498F1816356B2D003F0C16 /* CoreGraphics.framework in Frameworks */,
				06498F1A16356B38003F0C16 /* CoreText.framework in Frameworks */,
				06498F1716356B28003F0C16 /* UIKit.framework in Frameworks */,
			);
			runOnlyForDeploymentPostprocessing = 0;
		};
		06D8CE12163E81BF0035D5A6 /* Frameworks */ = {
			isa = PBXFrameworksBuildPhase;
			buildActionMask = 2147483647;
			files = (
				06D8CE2A163E893E0035D5A6 /* libreadline.dylib in Frameworks */,
				06D8CE17163E81C00035D5A6 /* Foundation.framework in Frameworks */,
			);
			runOnlyForDeploymentPostprocessing = 0;
		};
/* End PBXFrameworksBuildPhase section */

/* Begin PBXGroup section */
		06498F2916366218003F0C16 /* spidermonkey */ = {
			isa = PBXGroup;
			children = (
				06498F2A16366218003F0C16 /* ds */,
				06498F2C16366218003F0C16 /* gc */,
				06498F3216366218003F0C16 /* js */,
				06498F3916366218003F0C16 /* js-config.h */,
				06498F3A16366218003F0C16 /* js.msg */,
				06498F3B16366218003F0C16 /* jsalloc.h */,
				06498F3C16366218003F0C16 /* jsapi.h */,
				06498F3D16366218003F0C16 /* jsatom.h */,
				06498F3E16366218003F0C16 /* jsatom.tbl */,
				06498F3F16366218003F0C16 /* jsclass.h */,
				06498F4016366218003F0C16 /* jsclist.h */,
				06498F4116366218003F0C16 /* jscpucfg.h */,
				06498F4216366218003F0C16 /* jsdbgapi.h */,
				06498F4316366218003F0C16 /* jsdhash.h */,
				06498F4416366218003F0C16 /* jsfriendapi.h */,
				06498F4516366218003F0C16 /* jsgc.h */,
				06498F4616366218003F0C16 /* jshash.h */,
				06498F4716366218003F0C16 /* jslock.h */,
				06498F4816366218003F0C16 /* json.h */,
				06498F4916366218003F0C16 /* jsperf.h */,
				06498F4A16366218003F0C16 /* jsprf.h */,
				06498F4B16366218003F0C16 /* jsproto.tbl */,
				06498F4C16366218003F0C16 /* jsproxy.h */,
				06498F4D16366218003F0C16 /* jsprvtd.h */,
				06498F4E16366218003F0C16 /* jspubtd.h */,
				06498F4F16366218003F0C16 /* jstypes.h */,
				06498F5016366218003F0C16 /* jsutil.h */,
				06498F5116366218003F0C16 /* jsval.h */,
				06498F5216366218003F0C16 /* jsversion.h */,
				06498F5316366218003F0C16 /* jswrapper.h */,
				06498F5416366218003F0C16 /* mozilla */,
			);
			name = spidermonkey;
			path = libs/spidermonkey;
			sourceTree = "<group>";
		};
		06498F2A16366218003F0C16 /* ds */ = {
			isa = PBXGroup;
			children = (
				06498F2B16366218003F0C16 /* BitArray.h */,
			);
			path = ds;
			sourceTree = "<group>";
		};
		06498F2C16366218003F0C16 /* gc */ = {
			isa = PBXGroup;
			children = (
				06498F2D16366218003F0C16 /* Barrier.h */,
				06498F2E16366218003F0C16 /* Heap.h */,
				06498F2F16366218003F0C16 /* Root.h */,
				06498F3016366218003F0C16 /* Statistics.h */,
				06498F3116366218003F0C16 /* StoreBuffer.h */,
			);
			path = gc;
			sourceTree = "<group>";
		};
		06498F3216366218003F0C16 /* js */ = {
			isa = PBXGroup;
			children = (
				06498F3316366218003F0C16 /* HashTable.h */,
				06498F3416366218003F0C16 /* LegacyIntTypes.h */,
				06498F3516366218003F0C16 /* MemoryMetrics.h */,
				06498F3616366218003F0C16 /* TemplateLib.h */,
				06498F3716366218003F0C16 /* Utility.h */,
				06498F3816366218003F0C16 /* Vector.h */,
			);
			path = js;
			sourceTree = "<group>";
		};
		06498F5416366218003F0C16 /* mozilla */ = {
			isa = PBXGroup;
			children = (
				06498F5516366218003F0C16 /* Assertions.h */,
				06498F5616366218003F0C16 /* Attributes.h */,
				06498F5716366218003F0C16 /* BloomFilter.h */,
				06498F5816366218003F0C16 /* CheckedInt.h */,
				06498F5916366218003F0C16 /* FloatingPoint.h */,
				06498F5A16366218003F0C16 /* GuardObjects.h */,
				06498F5B16366218003F0C16 /* HashFunctions.h */,
				06498F5C16366218003F0C16 /* Likely.h */,
				06498F5D16366218003F0C16 /* LinkedList.h */,
				06498F5E16366218003F0C16 /* MSStdInt.h */,
				06498F5F16366218003F0C16 /* RangedPtr.h */,
				06498F6016366218003F0C16 /* RefPtr.h */,
				06498F6116366218003F0C16 /* Scoped.h */,
				06498F6216366218003F0C16 /* StandardInteger.h */,
				06498F6316366218003F0C16 /* ThreadLocal.h */,
				06498F6416366218003F0C16 /* Types.h */,
				06498F6516366218003F0C16 /* TypeTraits.h */,
				06498F6616366218003F0C16 /* Util.h */,
			);
			path = mozilla;
			sourceTree = "<group>";
		};
		06D7FC7B163506D7000E6576 = {
			isa = PBXGroup;
			children = (
				06D7FC90163506D7000E6576 /* CocoJS */,
				06D8CE18163E81C00035D5A6 /* CocoJSTerminal */,
				06D7FC89163506D7000E6576 /* Frameworks */,
				06D7FC87163506D7000E6576 /* Products */,
			);
			sourceTree = "<group>";
		};
		06D7FC87163506D7000E6576 /* Products */ = {
			isa = PBXGroup;
			children = (
				06D7FC86163506D7000E6576 /* app.app */,
				06D7FCB116350713000E6576 /* libCocoJS.a */,
				06D8CE15163E81C00035D5A6 /* CocoJSTerminal */,
			);
			name = Products;
			sourceTree = "<group>";
		};
		06D7FC89163506D7000E6576 /* Frameworks */ = {
			isa = PBXGroup;
			children = (
				06D8CE29163E893E0035D5A6 /* libreadline.dylib */,
				06498F1916356B38003F0C16 /* CoreText.framework */,
				06D7FCC31635370C000E6576 /* libjs_static.a */,
				06D7FC8A163506D7000E6576 /* UIKit.framework */,
				06D7FC8C163506D7000E6576 /* Foundation.framework */,
				06D7FC8E163506D7000E6576 /* CoreGraphics.framework */,
			);
			name = Frameworks;
			sourceTree = "<group>";
		};
		06D7FC90163506D7000E6576 /* CocoJS */ = {
			isa = PBXGroup;
			children = (
				06D8CDFB163E7D380035D5A6 /* ThoMoNetworking */,
				06499054163BD34F003F0C16 /* scripts */,
				06D7FCC816353732000E6576 /* lib */,
				06D7FC99163506D8000E6576 /* AppDelegate.h */,
				06D7FC9A163506D8000E6576 /* AppDelegate.m */,
				06D7FCA2163506D8000E6576 /* ViewController.h */,
				06D7FCA3163506D8000E6576 /* ViewController.mm */,
				06D7FCA5163506D8000E6576 /* ViewController.xib */,
				06D7FC91163506D8000E6576 /* Supporting Files */,
			);
			path = CocoJS;
			sourceTree = "<group>";
		};
		06D7FC91163506D8000E6576 /* Supporting Files */ = {
			isa = PBXGroup;
			children = (
				06D7FC92163506D8000E6576 /* CocoJS-Info.plist */,
				06D7FC93163506D8000E6576 /* InfoPlist.strings */,
				06D7FC96163506D8000E6576 /* main.m */,
				06D7FC98163506D8000E6576 /* CocoJS-Prefix.pch */,
				06D7FC9C163506D8000E6576 /* Default.png */,
				06D7FC9E163506D8000E6576 /* Default@2x.png */,
				06D7FCA0163506D8000E6576 /* Default-568h@2x.png */,
			);
			name = "Supporting Files";
			sourceTree = "<group>";
		};
		06D7FCC816353732000E6576 /* lib */ = {
			isa = PBXGroup;
			children = (
				06498F2916366218003F0C16 /* spidermonkey */,
				06E2E0FC163556FF006F2B9B /* JSCore */,
				06E2E0F916355323006F2B9B /* Console */,
				06E2E0EA16354685006F2B9B /* MLogger.h */,
				06E2E0E916354685006F2B9B /* MLogger.c */,
			);
			name = lib;
			sourceTree = "<group>";
		};
		06D8CDFB163E7D380035D5A6 /* ThoMoNetworking */ = {
			isa = PBXGroup;
			children = (
				06D8CDFC163E7D380035D5A6 /* ThoMoClient */,
				06D8CE00163E7D380035D5A6 /* ThoMoClientStub.h */,
				06D8CE01163E7D380035D5A6 /* ThoMoNetworking.h */,
				06D8CE02163E7D380035D5A6 /* ThoMoNetworkStub.h */,
				06D8CE03163E7D380035D5A6 /* ThoMoNetworkStub.m */,
				06D8CE04163E7D380035D5A6 /* ThoMoServer */,
				06D8CE08163E7D380035D5A6 /* ThoMoServerStub.h */,
				06D8CE09163E7D380035D5A6 /* ThoMoTCPConnection.h */,
				06D8CE0A163E7D380035D5A6 /* ThoMoTCPConnection.m */,
				06D8CE0B163E7D380035D5A6 /* ThoMoTCPConnectionDelegateProtocol.h */,
			);
			name = ThoMoNetworking;
			path = libs/ThoMoNetworking;
			sourceTree = "<group>";
		};
		06D8CDFC163E7D380035D5A6 /* ThoMoClient */ = {
			isa = PBXGroup;
			children = (
				06D8CDFD163E7D380035D5A6 /* ThoMoClientDelegateProtocol.h */,
				06D8CDFE163E7D380035D5A6 /* ThoMoClientStub.m */,
				06D8CDFF163E7D380035D5A6 /* ThoMoClientStub_private.h */,
			);
			path = ThoMoClient;
			sourceTree = "<group>";
		};
		06D8CE04163E7D380035D5A6 /* ThoMoServer */ = {
			isa = PBXGroup;
			children = (
				06D8CE05163E7D380035D5A6 /* ThoMoServerDelegateProtocol.h */,
				06D8CE06163E7D380035D5A6 /* ThoMoServerStub.m */,
				06D8CE07163E7D380035D5A6 /* ThoMoServerStub_private.h */,
			);
			path = ThoMoServer;
			sourceTree = "<group>";
		};
		06D8CE18163E81C00035D5A6 /* CocoJSTerminal */ = {
			isa = PBXGroup;
			children = (
				06D8CE19163E81C00035D5A6 /* main.m */,
				06D8CE26163E82870035D5A6 /* CocoJSTerminal.h */,
				06D8CE27163E82870035D5A6 /* CocoJSTerminal.m */,
				06D8CE1B163E81C00035D5A6 /* Supporting Files */,
			);
			path = CocoJSTerminal;
			sourceTree = "<group>";
		};
		06D8CE1B163E81C00035D5A6 /* Supporting Files */ = {
			isa = PBXGroup;
			children = (
				06D8CE1C163E81C00035D5A6 /* CocoJSTerminal-Prefix.pch */,
			);
			name = "Supporting Files";
			sourceTree = "<group>";
		};
		06E2E0F916355323006F2B9B /* Console */ = {
			isa = PBXGroup;
			children = (
				06E2E0F816355311006F2B9B /* JSConsole.h */,
				06E2E0F3163552FE006F2B9B /* JSConsole.mm */,
				06E2E0FA1635532A006F2B9B /* SyntaxHighlighter */,
			);
			name = Console;
			sourceTree = "<group>";
		};
		06E2E0FA1635532A006F2B9B /* SyntaxHighlighter */ = {
			isa = PBXGroup;
			children = (
				06E2E0F2163552FE006F2B9B /* SyntaxHighlighter.h */,
				06E2E0EF163552FE006F2B9B /* HighlightingTextView.h */,
				06E2E0EC163552FE006F2B9B /* HighlightingTextView.m */,
				06E2E0ED163552FE006F2B9B /* AttributedTextView.h */,
				06E2E0EE163552FE006F2B9B /* AttributedTextView.m */,
				06E2E0F0163552FE006F2B9B /* JavascriptSyntaxHighlighter.h */,
				06E2E0F1163552FE006F2B9B /* JavascriptSyntaxHighlighter.m */,
			);
			name = SyntaxHighlighter;
			sourceTree = "<group>";
		};
		06E2E0FC163556FF006F2B9B /* JSCore */ = {
			isa = PBXGroup;
			children = (
				06E2E06C1635426C006F2B9B /* JSCore.h */,
				06E2E06D1635426C006F2B9B /* JSCore.mm */,
				06E2E0FE16355725006F2B9B /* js_objc_helper.h */,
				06E2E0FD16355725006F2B9B /* js_objc_helper.mm */,
				06498F2116364C43003F0C16 /* js_objc_binding.h */,
				06498F2016364C43003F0C16 /* js_objc_binding.mm */,
				06DAE5EE163D10500009360D /* js_objc_struct.h */,
				06DAE5ED163D10500009360D /* js_objc_struct.mm */,
			);
			name = JSCore;
			sourceTree = "<group>";
		};
/* End PBXGroup section */

/* Begin PBXNativeTarget section */
		06D7FC85163506D7000E6576 /* app */ = {
			isa = PBXNativeTarget;
			buildConfigurationList = 06D7FCAA163506D8000E6576 /* Build configuration list for PBXNativeTarget "app" */;
			buildPhases = (
				06D7FC82163506D7000E6576 /* Sources */,
				06D7FC83163506D7000E6576 /* Frameworks */,
				06D7FC84163506D7000E6576 /* Resources */,
			);
			buildRules = (
			);
			dependencies = (
				06E2E07016354278006F2B9B /* PBXTargetDependency */,
			);
			name = app;
			productName = CocoJS;
			productReference = 06D7FC86163506D7000E6576 /* app.app */;
			productType = "com.apple.product-type.application";
		};
		06D7FCB016350713000E6576 /* CocoJS */ = {
			isa = PBXNativeTarget;
			buildConfigurationList = 06D7FCBA16350713000E6576 /* Build configuration list for PBXNativeTarget "CocoJS" */;
			buildPhases = (
				06D7FCAD16350713000E6576 /* Sources */,
				06D7FCAE16350713000E6576 /* Frameworks */,
				06D7FCAF16350713000E6576 /* CopyFiles */,
			);
			buildRules = (
			);
			dependencies = (
			);
			name = CocoJS;
			productName = CocoJS;
			productReference = 06D7FCB116350713000E6576 /* libCocoJS.a */;
			productType = "com.apple.product-type.library.static";
		};
		06D8CE14163E81BF0035D5A6 /* CocoJSTerminal */ = {
			isa = PBXNativeTarget;
			buildConfigurationList = 06D8CE1F163E81C00035D5A6 /* Build configuration list for PBXNativeTarget "CocoJSTerminal" */;
			buildPhases = (
				06D8CE11163E81BF0035D5A6 /* Sources */,
				06D8CE12163E81BF0035D5A6 /* Frameworks */,
				06D8CE13163E81BF0035D5A6 /* CopyFiles */,
			);
			buildRules = (
			);
			dependencies = (
			);
			name = CocoJSTerminal;
			productName = CocoJSTerminal;
			productReference = 06D8CE15163E81C00035D5A6 /* CocoJSTerminal */;
			productType = "com.apple.product-type.tool";
		};
/* End PBXNativeTarget section */

/* Begin PBXProject section */
		06D7FC7D163506D7000E6576 /* Project object */ = {
			isa = PBXProject;
			attributes = {
				LastUpgradeCheck = 0450;
				ORGANIZATIONNAME = "Xiliang Chen";
			};
			buildConfigurationList = 06D7FC80163506D7000E6576 /* Build configuration list for PBXProject "CocoJS" */;
			compatibilityVersion = "Xcode 3.2";
			developmentRegion = English;
			hasScannedForEncodings = 0;
			knownRegions = (
				en,
			);
			mainGroup = 06D7FC7B163506D7000E6576;
			productRefGroup = 06D7FC87163506D7000E6576 /* Products */;
			projectDirPath = "";
			projectRoot = "";
			targets = (
				06D7FC85163506D7000E6576 /* app */,
				06D7FCB016350713000E6576 /* CocoJS */,
				06D8CE14163E81BF0035D5A6 /* CocoJSTerminal */,
			);
		};
/* End PBXProject section */

/* Begin PBXResourcesBuildPhase section */
		06D7FC84163506D7000E6576 /* Resources */ = {
			isa = PBXResourcesBuildPhase;
			buildActionMask = 2147483647;
			files = (
				06499055163BD534003F0C16 /* scripts in Resources */,
				06D7FC95163506D8000E6576 /* InfoPlist.strings in Resources */,
				06D7FC9D163506D8000E6576 /* Default.png in Resources */,
				06D7FC9F163506D8000E6576 /* Default@2x.png in Resources */,
				06D7FCA1163506D8000E6576 /* Default-568h@2x.png in Resources */,
				06D7FCA7163506D8000E6576 /* ViewController.xib in Resources */,
			);
			runOnlyForDeploymentPostprocessing = 0;
		};
/* End PBXResourcesBuildPhase section */

/* Begin PBXSourcesBuildPhase section */
		06D7FC82163506D7000E6576 /* Sources */ = {
			isa = PBXSourcesBuildPhase;
			buildActionMask = 2147483647;
			files = (
				06D7FC97163506D8000E6576 /* main.m in Sources */,
				06D7FC9B163506D8000E6576 /* AppDelegate.m in Sources */,
				06D7FCA4163506D8000E6576 /* ViewController.mm in Sources */,
			);
			runOnlyForDeploymentPostprocessing = 0;
		};
		06D7FCAD16350713000E6576 /* Sources */ = {
			isa = PBXSourcesBuildPhase;
			buildActionMask = 2147483647;
			files = (
				06E2E06E1635426C006F2B9B /* JSCore.mm in Sources */,
				06E2E0EB16354685006F2B9B /* MLogger.c in Sources */,
				06E2E0F4163552FE006F2B9B /* HighlightingTextView.m in Sources */,
				06E2E0F5163552FE006F2B9B /* AttributedTextView.m in Sources */,
				06E2E0F6163552FE006F2B9B /* JavascriptSyntaxHighlighter.m in Sources */,
				06E2E0F7163552FE006F2B9B /* JSConsole.mm in Sources */,
				06E2E0FF16355725006F2B9B /* js_objc_helper.mm in Sources */,
				06498F2216364C43003F0C16 /* js_objc_binding.mm in Sources */,
				06DAE5EF163D10500009360D /* js_objc_struct.mm in Sources */,
				061E9EC2164284CE00D10456 /* ThoMoNetworkStub.m in Sources */,
				061E9EC3164284D400D10456 /* ThoMoTCPConnection.m in Sources */,
				061E9EC4164284DB00D10456 /* ThoMoServerStub.m in Sources */,
				061E9EC5164284E000D10456 /* ThoMoClientStub.m in Sources */,
			);
			runOnlyForDeploymentPostprocessing = 0;
		};
		06D8CE11163E81BF0035D5A6 /* Sources */ = {
			isa = PBXSourcesBuildPhase;
			buildActionMask = 2147483647;
			files = (
				06D8CE1A163E81C00035D5A6 /* main.m in Sources */,
				06D8CE22163E81E80035D5A6 /* ThoMoClientStub.m in Sources */,
				06D8CE24163E81ED0035D5A6 /* ThoMoNetworkStub.m in Sources */,
				06D8CE23163E81EC0035D5A6 /* ThoMoServerStub.m in Sources */,
				06D8CE25163E81EF0035D5A6 /* ThoMoTCPConnection.m in Sources */,
				06D8CE28163E82870035D5A6 /* CocoJSTerminal.m in Sources */,
			);
			runOnlyForDeploymentPostprocessing = 0;
		};
/* End PBXSourcesBuildPhase section */

/* Begin PBXTargetDependency section */
		06E2E07016354278006F2B9B /* PBXTargetDependency */ = {
			isa = PBXTargetDependency;
			target = 06D7FCB016350713000E6576 /* CocoJS */;
			targetProxy = 06E2E06F16354278006F2B9B /* PBXContainerItemProxy */;
		};
/* End PBXTargetDependency section */

/* Begin PBXVariantGroup section */
		06D7FC93163506D8000E6576 /* InfoPlist.strings */ = {
			isa = PBXVariantGroup;
			children = (
				06D7FC94163506D8000E6576 /* en */,
			);
			name = InfoPlist.strings;
			sourceTree = "<group>";
		};
		06D7FCA5163506D8000E6576 /* ViewController.xib */ = {
			isa = PBXVariantGroup;
			children = (
				06D7FCA6163506D8000E6576 /* en */,
			);
			name = ViewController.xib;
			sourceTree = "<group>";
		};
/* End PBXVariantGroup section */

/* Begin XCBuildConfiguration section */
		06D7FCA8163506D8000E6576 /* Debug */ = {
			isa = XCBuildConfiguration;
			buildSettings = {
				ALWAYS_SEARCH_USER_PATHS = NO;
				CLANG_CXX_LANGUAGE_STANDARD = "gnu++0x";
				CLANG_CXX_LIBRARY = "libc++";
				CLANG_WARN_EMPTY_BODY = YES;
				CLANG_WARN__DUPLICATE_METHOD_MATCH = YES;
				"CODE_SIGN_IDENTITY[sdk=iphoneos*]" = "";
				COPY_PHASE_STRIP = NO;
				GCC_C_LANGUAGE_STANDARD = gnu99;
				GCC_DYNAMIC_NO_PIC = NO;
				GCC_OPTIMIZATION_LEVEL = 0;
				GCC_PREPROCESSOR_DEFINITIONS = (
					"DEBUG=1",
					"$(inherited)",
				);
				GCC_SYMBOLS_PRIVATE_EXTERN = NO;
				GCC_WARN_ABOUT_RETURN_TYPE = YES;
				GCC_WARN_UNINITIALIZED_AUTOS = YES;
				GCC_WARN_UNUSED_VARIABLE = YES;
				HEADER_SEARCH_PATHS = "${SRCROOT}/CocoJS/libs/spidermonkey";
				IPHONEOS_DEPLOYMENT_TARGET = 6.0;
				ONLY_ACTIVE_ARCH = YES;
				SDKROOT = iphoneos;
				TARGETED_DEVICE_FAMILY = 2;
			};
			name = Debug;
		};
		06D7FCA9163506D8000E6576 /* Release */ = {
			isa = XCBuildConfiguration;
			buildSettings = {
				ALWAYS_SEARCH_USER_PATHS = NO;
				CLANG_CXX_LANGUAGE_STANDARD = "gnu++0x";
				CLANG_CXX_LIBRARY = "libc++";
				CLANG_WARN_EMPTY_BODY = YES;
				CLANG_WARN__DUPLICATE_METHOD_MATCH = YES;
				"CODE_SIGN_IDENTITY[sdk=iphoneos*]" = "";
				COPY_PHASE_STRIP = YES;
				GCC_C_LANGUAGE_STANDARD = gnu99;
				GCC_WARN_ABOUT_RETURN_TYPE = YES;
				GCC_WARN_UNINITIALIZED_AUTOS = YES;
				GCC_WARN_UNUSED_VARIABLE = YES;
				HEADER_SEARCH_PATHS = "${SRCROOT}/CocoJS/libs/spidermonkey";
				IPHONEOS_DEPLOYMENT_TARGET = 6.0;
				OTHER_CFLAGS = "-DNS_BLOCK_ASSERTIONS=1";
				SDKROOT = iphoneos;
				TARGETED_DEVICE_FAMILY = 2;
				VALIDATE_PRODUCT = YES;
			};
			name = Release;
		};
		06D7FCAB163506D8000E6576 /* Debug */ = {
			isa = XCBuildConfiguration;
			buildSettings = {
				GCC_PRECOMPILE_PREFIX_HEADER = YES;
				GCC_PREFIX_HEADER = "CocoJS/CocoJS-Prefix.pch";
				INFOPLIST_FILE = "CocoJS/CocoJS-Info.plist";
				IPHONEOS_DEPLOYMENT_TARGET = 5.0;
				LIBRARY_SEARCH_PATHS = (
					"$(inherited)",
					"\"$(SRCROOT)/CocoJS/libs\"",
				);
				OTHER_CFLAGS = "-DDEBUG";
				PRODUCT_NAME = "$(TARGET_NAME)";
				WRAPPER_EXTENSION = app;
			};
			name = Debug;
		};
		06D7FCAC163506D8000E6576 /* Release */ = {
			isa = XCBuildConfiguration;
			buildSettings = {
				GCC_PRECOMPILE_PREFIX_HEADER = YES;
				GCC_PREFIX_HEADER = "CocoJS/CocoJS-Prefix.pch";
				INFOPLIST_FILE = "CocoJS/CocoJS-Info.plist";
				IPHONEOS_DEPLOYMENT_TARGET = 5.0;
				LIBRARY_SEARCH_PATHS = (
					"$(inherited)",
					"\"$(SRCROOT)/CocoJS/libs\"",
				);
				PRODUCT_NAME = "$(TARGET_NAME)";
				WRAPPER_EXTENSION = app;
			};
			name = Release;
		};
		06D7FCBB16350713000E6576 /* Debug */ = {
			isa = XCBuildConfiguration;
			buildSettings = {
				DSTROOT = /tmp/CocoJS.dst;
				GCC_PRECOMPILE_PREFIX_HEADER = YES;
				GCC_PREFIX_HEADER = "CocoJS/CocoJS-Prefix.pch";
				IPHONEOS_DEPLOYMENT_TARGET = 5.0;
				LIBRARY_SEARCH_PATHS = (
					"$(inherited)",
					"\"$(SRCROOT)/CocoJS/libs\"",
				);
				OTHER_LDFLAGS = "-ObjC";
				PRODUCT_NAME = "$(TARGET_NAME)";
				SKIP_INSTALL = YES;
			};
			name = Debug;
		};
		06D7FCBC16350713000E6576 /* Release */ = {
			isa = XCBuildConfiguration;
			buildSettings = {
				DSTROOT = /tmp/CocoJS.dst;
				GCC_PRECOMPILE_PREFIX_HEADER = YES;
				GCC_PREFIX_HEADER = "CocoJS/CocoJS-Prefix.pch";
				IPHONEOS_DEPLOYMENT_TARGET = 5.0;
				LIBRARY_SEARCH_PATHS = (
					"$(inherited)",
					"\"$(SRCROOT)/CocoJS/libs\"",
				);
				OTHER_LDFLAGS = "-ObjC";
				PRODUCT_NAME = "$(TARGET_NAME)";
				SKIP_INSTALL = YES;
			};
			name = Release;
		};
		06D8CE20163E81C00035D5A6 /* Debug */ = {
			isa = XCBuildConfiguration;
			buildSettings = {
				ARCHS = "$(ARCHS_STANDARD_64_BIT)";
				GCC_ENABLE_OBJC_EXCEPTIONS = YES;
				GCC_PRECOMPILE_PREFIX_HEADER = YES;
				GCC_PREFIX_HEADER = "CocoJSTerminal/CocoJSTerminal-Prefix.pch";
				GCC_WARN_64_TO_32_BIT_CONVERSION = YES;
				MACOSX_DEPLOYMENT_TARGET = 10.8;
				PRODUCT_NAME = "$(TARGET_NAME)";
				SDKROOT = macosx;
			};
			name = Debug;
		};
		06D8CE21163E81C00035D5A6 /* Release */ = {
			isa = XCBuildConfiguration;
			buildSettings = {
				ARCHS = "$(ARCHS_STANDARD_64_BIT)";
				DEBUG_INFORMATION_FORMAT = "dwarf-with-dsym";
				GCC_ENABLE_OBJC_EXCEPTIONS = YES;
				GCC_PRECOMPILE_PREFIX_HEADER = YES;
				GCC_PREFIX_HEADER = "CocoJSTerminal/CocoJSTerminal-Prefix.pch";
				GCC_WARN_64_TO_32_BIT_CONVERSION = YES;
				MACOSX_DEPLOYMENT_TARGET = 10.8;
				PRODUCT_NAME = "$(TARGET_NAME)";
				SDKROOT = macosx;
			};
			name = Release;
		};
/* End XCBuildConfiguration section */

/* Begin XCConfigurationList section */
		06D7FC80163506D7000E6576 /* Build configuration list for PBXProject "CocoJS" */ = {
			isa = XCConfigurationList;
			buildConfigurations = (
				06D7FCA8163506D8000E6576 /* Debug */,
				06D7FCA9163506D8000E6576 /* Release */,
			);
			defaultConfigurationIsVisible = 0;
			defaultConfigurationName = Release;
		};
		06D7FCAA163506D8000E6576 /* Build configuration list for PBXNativeTarget "app" */ = {
			isa = XCConfigurationList;
			buildConfigurations = (
				06D7FCAB163506D8000E6576 /* Debug */,
				06D7FCAC163506D8000E6576 /* Release */,
			);
			defaultConfigurationIsVisible = 0;
			defaultConfigurationName = Release;
		};
		06D7FCBA16350713000E6576 /* Build configuration list for PBXNativeTarget "CocoJS" */ = {
			isa = XCConfigurationList;
			buildConfigurations = (
				06D7FCBB16350713000E6576 /* Debug */,
				06D7FCBC16350713000E6576 /* Release */,
			);
			defaultConfigurationIsVisible = 0;
			defaultConfigurationName = Release;
		};
		06D8CE1F163E81C00035D5A6 /* Build configuration list for PBXNativeTarget "CocoJSTerminal" */ = {
			isa = XCConfigurationList;
			buildConfigurations = (
				06D8CE20163E81C00035D5A6 /* Debug */,
				06D8CE21163E81C00035D5A6 /* Release */,
			);
			defaultConfigurationIsVisible = 0;
			defaultConfigurationName = Release;
		};
/* End XCConfigurationList section */
	};
	rootObject = 06D7FC7D163506D7000E6576 /* Project object */;
}
